// !$*UTF8*$!
{
	archiveVersion = 1;
	classes = {
	};
	objectVersion = 46;
	objects = {

/* Begin PBXBuildFile section */
		919CBF9C1E131B8000237EB2 /* AppDelegate.swift in Sources */ = {isa = PBXBuildFile; fileRef = 919CBF9B1E131B8000237EB2 /* AppDelegate.swift */; };
		919CBFA31E131B8000237EB2 /* Assets.xcassets in Resources */ = {isa = PBXBuildFile; fileRef = 919CBFA21E131B8000237EB2 /* Assets.xcassets */; };
		919CBFA61E131B8000237EB2 /* LaunchScreen.storyboard in Resources */ = {isa = PBXBuildFile; fileRef = 919CBFA41E131B8000237EB2 /* LaunchScreen.storyboard */; };
		919CBFAE1E131CE200237EB2 /* HomeController.swift in Sources */ = {isa = PBXBuildFile; fileRef = 919CBFAD1E131CE200237EB2 /* HomeController.swift */; };
/* End PBXBuildFile section */

/* Begin PBXFileReference section */
		919CBF981E131B8000237EB2 /* Twatter.app */ = {isa = PBXFileReference; explicitFileType = wrapper.application; includeInIndex = 0; path = Twatter.app; sourceTree = BUILT_PRODUCTS_DIR; };
		919CBF9B1E131B8000237EB2 /* AppDelegate.swift */ = {isa = PBXFileReference; lastKnownFileType = sourcecode.swift; path = AppDelegate.swift; sourceTree = "<group>"; };
		919CBFA21E131B8000237EB2 /* Assets.xcassets */ = {isa = PBXFileReference; lastKnownFileType = folder.assetcatalog; path = Assets.xcassets; sourceTree = "<group>"; };
		919CBFA51E131B8000237EB2 /* Base */ = {isa = PBXFileReference; lastKnownFileType = file.storyboard; name = Base; path = Base.lproj/LaunchScreen.storyboard; sourceTree = "<group>"; };
		919CBFA71E131B8000237EB2 /* Info.plist */ = {isa = PBXFileReference; lastKnownFileType = text.plist.xml; path = Info.plist; sourceTree = "<group>"; };
		919CBFAD1E131CE200237EB2 /* HomeController.swift */ = {isa = PBXFileReference; fileEncoding = 4; lastKnownFileType = sourcecode.swift; path = HomeController.swift; sourceTree = "<group>"; };
/* End PBXFileReference section */

/* Begin PBXFrameworksBuildPhase section */
		919CBF951E131B8000237EB2 /* Frameworks */ = {
			isa = PBXFrameworksBuildPhase;
			buildActionMask = 2147483647;
			files = (
			);
			runOnlyForDeploymentPostprocessing = 0;
		};
/* End PBXFrameworksBuildPhase section */

/* Begin PBXGroup section */
		919CBF8F1E131B8000237EB2 = {
			isa = PBXGroup;
			children = (
				919CBF9A1E131B8000237EB2 /* Twatter */,
				919CBF991E131B8000237EB2 /* Products */,
			);
			sourceTree = "<group>";
		};
		919CBF991E131B8000237EB2 /* Products */ = {
			isa = PBXGroup;
			children = (
				919CBF981E131B8000237EB2 /* Twatter.app */,
			);
			name = Products;
			sourceTree = "<group>";
		};
		919CBF9A1E131B8000237EB2 /* Twatter */ = {
			isa = PBXGroup;
			children = (
				919CBF9B1E131B8000237EB2 /* AppDelegate.swift */,
				919CBFAD1E131CE200237EB2 /* HomeController.swift */,
				919CBFA21E131B8000237EB2 /* Assets.xcassets */,
				919CBFA41E131B8000237EB2 /* LaunchScreen.storyboard */,
				919CBFA71E131B8000237EB2 /* Info.plist */,
			);
			path = Twatter;
			sourceTree = "<group>";
		};
/* End PBXGroup section */

/* Begin PBXNativeTarget section */
		919CBF971E131B8000237EB2 /* Twatter */ = {
			isa = PBXNativeTarget;
			buildConfigurationList = 919CBFAA1E131B8000237EB2 /* Build configuration list for PBXNativeTarget "Twatter" */;
			buildPhases = (
				919CBF941E131B8000237EB2 /* Sources */,
				919CBF951E131B8000237EB2 /* Frameworks */,
				919CBF961E131B8000237EB2 /* Resources */,
			);
			buildRules = (
			);
			dependencies = (
			);
			name = Twatter;
			productName = Twatter;
			productReference = 919CBF981E131B8000237EB2 /* Twatter.app */;
			productType = "com.apple.product-type.application";
		};
/* End PBXNativeTarget section */

/* Begin PBXProject section */
		919CBF901E131B8000237EB2 /* Project object */ = {
			isa = PBXProject;
			attributes = {
				LastSwiftUpdateCheck = 0820;
				LastUpgradeCheck = 0820;
				ORGANIZATIONNAME = "Stanley Pan";
				TargetAttributes = {
					919CBF971E131B8000237EB2 = {
						CreatedOnToolsVersion = 8.2.1;
						DevelopmentTeam = P48JT8XFF3;
						ProvisioningStyle = Automatic;
					};
				};
			};
			buildConfigurationList = 919CBF931E131B8000237EB2 /* Build configuration list for PBXProject "Twatter" */;
			compatibilityVersion = "Xcode 3.2";
			developmentRegion = English;
			hasScannedForEncodings = 0;
			knownRegions = (
				en,
				Base,
			);
			mainGroup = 919CBF8F1E131B8000237EB2;
			productRefGroup = 919CBF991E131B8000237EB2 /* Products */;
			projectDirPath = "";
			projectRoot = "";
			targets = (
				919CBF971E131B8000237EB2 /* Twatter */,
			);
		};
/* End PBXProject section */

/* Begin PBXResourcesBuildPhase section */
		919CBF961E131B8000237EB2 /* Resources */ = {
			isa = PBXResourcesBuildPhase;
			buildActionMask = 2147483647;
			files = (
				919CBFA61E131B8000237EB2 /* LaunchScreen.storyboard in Resources */,
				919CBFA31E131B8000237EB2 /* Assets.xcassets in Resources */,
			);
			runOnlyForDeploymentPostprocessing = 0;
		};
/* End PBXResourcesBuildPhase section */

/* Begin PBXSourcesBuildPhase section */
		919CBF941E131B8000237EB2 /* Sources */ = {
			isa = PBXSourcesBuildPhase;
			buildActionMask = 2147483647;
			files = (
				919CBF9C1E131B8000237EB2 /* AppDelegate.swift in Sources */,
				919CBFAE1E131CE200237EB2 /* HomeController.swift in Sources */,
			);
			runOnlyForDeploymentPostprocessing = 0;
		};
/* End PBXSourcesBuildPhase section */

/* Begin PBXVariantGroup section */
		919CBFA41E131B8000237EB2 /* LaunchScreen.storyboard */ = {
			isa = PBXVariantGroup;
			children = (
				919CBFA51E131B8000237EB2 /* Base */,
			);
			name = LaunchScreen.storyboard;
			sourceTree = "<group>";
		};
/* End PBXVariantGroup section */

/* Begin XCBuildConfiguration section */
		919CBFA81E131B8000237EB2 /* Debug */ = {
			isa = XCBuildConfiguration;
			buildSettings = {
				ALWAYS_SEARCH_USER_PATHS = NO;
				CLANG_ANALYZER_NONNULL = YES;
				CLANG_CXX_LANGUAGE_STANDARD = "gnu++0x";
				CLANG_CXX_LIBRARY = "libc++";
				CLANG_ENABLE_MODULES = YES;
				CLANG_ENABLE_OBJC_ARC = YES;
				CLANG_WARN_BOOL_CONVERSION = YES;
				CLANG_WARN_CONSTANT_CONVERSION = YES;
				CLANG_WARN_DIRECT_OBJC_ISA_USAGE = YES_ERROR;
				CLANG_WARN_DOCUMENTATION_COMMENTS = YES;
				CLANG_WARN_EMPTY_BODY = YES;
				CLANG_WARN_ENUM_CONVERSION = YES;
				CLANG_WARN_INFINITE_RECURSION = YES;
				CLANG_WARN_INT_CONVERSION = YES;
				CLANG_WARN_OBJC_ROOT_CLASS = YES_ERROR;
				CLANG_WARN_SUSPICIOUS_MOVE = YES;
				CLANG_WARN_UNREACHABLE_CODE = YES;
				CLANG_WARN__DUPLICATE_METHOD_MATCH = YES;
				"CODE_SIGN_IDENTITY[sdk=iphoneos*]" = "iPhone Developer";
				COPY_PHASE_STRIP = NO;
				DEBUG_INFORMATION_FORMAT = dwarf;
				ENABLE_STRICT_OBJC_MSGSEND = YES;
				ENABLE_TESTABILITY = YES;
				GCC_C_LANGUAGE_STANDARD = gnu99;
				GCC_DYNAMIC_NO_PIC = NO;
				GCC_NO_COMMON_BLOCKS = YES;
				GCC_OPTIMIZATION_LEVEL = 0;
				GCC_PREPROCESSOR_DEFINITIONS = (
					"DEBUG=1",
					"$(inherited)",
				);
				GCC_WARN_64_TO_32_BIT_CONVERSION = YES;
				GCC_WARN_ABOUT_RETURN_TYPE = YES_ERROR;
				GCC_WARN_UNDECLARED_SELECTOR = YES;
				GCC_WARN_UNINITIALIZED_AUTOS = YES_AGGRESSIVE;
				GCC_WARN_UNUSED_FUNCTION = YES;
				GCC_WARN_UNUSED_VARIABLE = YES;
				IPHONEOS_DEPLOYMENT_TARGET = 10.2;
				MTL_ENABLE_DEBUG_INFO = YES;
				ONLY_ACTIVE_ARCH = YES;
				SDKROOT = iphoneos;
				SWIFT_ACTIVE_COMPILATION_CONDITIONS = DEBUG;
				SWIFT_OPTIMIZATION_LEVEL = "-Onone";
				TARGETED_DEVICE_FAMILY = "1,2";
			};
			name = Debug;
		};
		919CBFA91E131B8000237EB2 /* Release */ = {
			isa = XCBuildConfiguration;
			buildSettings = {
				ALWAYS_SEARCH_USER_PATHS = NO;
				CLANG_ANALYZER_NONNULL = YES;
				CLANG_CXX_LANGUAGE_STANDARD = "gnu++0x";
				CLANG_CXX_LIBRARY = "libc++";
				CLANG_ENABLE_MODULES = YES;
				CLANG_ENABLE_OBJC_ARC = YES;
				CLANG_WARN_BOOL_CONVERSION = YES;
				CLANG_WARN_CONSTANT_CONVERSION = YES;
				CLANG_WARN_DIRECT_OBJC_ISA_USAGE = YES_ERROR;
				CLANG_WARN_DOCUMENTATION_COMMENTS = YES;
				CLANG_WARN_EMPTY_BODY = YES;
				CLANG_WARN_ENUM_CONVERSION = YES;
				CLANG_WARN_INFINITE_RECURSION = YES;
				CLANG_WARN_INT_CONVERSION = YES;
				CLANG_WARN_OBJC_ROOT_CLASS = YES_ERROR;
				CLANG_WARN_SUSPICIOUS_MOVE = YES;
				CLANG_WARN_UNREACHABLE_CODE = YES;
				CLANG_WARN__DUPLICATE_METHOD_MATCH = YES;
				"CODE_SIGN_IDENTITY[sdk=iphoneos*]" = "iPhone Developer";
				COPY_PHASE_STRIP = NO;
				DEBUG_INFORMATION_FORMAT = "dwarf-with-dsym";
				ENABLE_NS_ASSERTIONS = NO;
				ENABLE_STRICT_OBJC_MSGSEND = YES;
				GCC_C_LANGUAGE_STANDARD = gnu99;
				GCC_NO_COMMON_BLOCKS = YES;
				GCC_WARN_64_TO_32_BIT_CONVERSION = YES;
				GCC_WARN_ABOUT_RETURN_TYPE = YES_ERROR;
				GCC_WARN_UNDECLARED_SELECTOR = YES;
				GCC_WARN_UNINITIALIZED_AUTOS = YES_AGGRESSIVE;
				GCC_WARN_UNUSED_FUNCTION = YES;
				GCC_WARN_UNUSED_VARIABLE = YES;
				IPHONEOS_DEPLOYMENT_TARGET = 10.2;
				MTL_ENABLE_DEBUG_INFO = NO;
				SDKROOT = iphoneos;
				SWIFT_OPTIMIZATION_LEVEL = "-Owholemodule";
				TARGETED_DEVICE_FAMILY = "1,2";
				VALIDATE_PRODUCT = YES;
			};
			name = Release;
		};
		919CBFAB1E131B8000237EB2 /* Debug */ = {
			isa = XCBuildConfiguration;
			buildSettings = {
				ASSETCATALOG_COMPILER_APPICON_NAME = AppIcon;
				DEVELOPMENT_TEAM = P48JT8XFF3;
				INFOPLIST_FILE = Twatter/Info.plist;
				LD_RUNPATH_SEARCH_PATHS = "$(inherited) @executable_path/Frameworks";
				PRODUCT_BUNDLE_IDENTIFIER = com.github.iMoment.Twatter;
				PRODUCT_NAME = "$(TARGET_NAME)";
				SWIFT_VERSION = 3.0;
			};
			name = Debug;
		};
		919CBFAC1E131B8000237EB2 /* Release */ = {
			isa = XCBuildConfiguration;
			buildSettings = {
				ASSETCATALOG_COMPILER_APPICON_NAME = AppIcon;
				DEVELOPMENT_TEAM = P48JT8XFF3;
				INFOPLIST_FILE = Twatter/Info.plist;
				LD_RUNPATH_SEARCH_PATHS = "$(inherited) @executable_path/Frameworks";
				PRODUCT_BUNDLE_IDENTIFIER = com.github.iMoment.Twatter;
				PRODUCT_NAME = "$(TARGET_NAME)";
				SWIFT_VERSION = 3.0;
			};
			name = Release;
		};
/* End XCBuildConfiguration section */

/* Begin XCConfigurationList section */
		919CBF931E131B8000237EB2 /* Build configuration list for PBXProject "Twatter" */ = {
			isa = XCConfigurationList;
			buildConfigurations = (
				919CBFA81E131B8000237EB2 /* Debug */,
				919CBFA91E131B8000237EB2 /* Release */,
			);
			defaultConfigurationIsVisible = 0;
			defaultConfigurationName = Release;
		};
		919CBFAA1E131B8000237EB2 /* Build configuration list for PBXNativeTarget "Twatter" */ = {
			isa = XCConfigurationList;
			buildConfigurations = (
				919CBFAB1E131B8000237EB2 /* Debug */,
				919CBFAC1E131B8000237EB2 /* Release */,
			);
			defaultConfigurationIsVisible = 0;
		};
/* End XCConfigurationList section */
	};
	rootObject = 919CBF901E131B8000237EB2 /* Project object */;
}
